
Microsoft Visual Studio Solution File, Format Version 12.00
# Visual Studio 15
VisualStudioVersion = 15.0.27004.2009
MinimumVisualStudioVersion = 10.0.40219.1
Project("{8BC9CEB8-8B4A-11D0-8D11-00A0C91BC942}") = "DataStruct", "DataStruct\DataStruct.vcxproj", "{52DC7AD2-A28E-4F89-803F-34B918F9DAD7}"
EndProject
Global
	GlobalSection(SolutionConfigurationPlatforms) = preSolution
		Debug|x64 = Debug|x64
		Debug|x86 = Debug|x86
		Release|x64 = Release|x64
		Release|x86 = Release|x86
	EndGlobalSection
	GlobalSection(ProjectConfigurationPlatforms) = postSolution
		{52DC7AD2-A28E-4F89-803F-34B918F9DAD7}.Debug|x64.ActiveCfg = Debug|x64
		{52DC7AD2-A28E-4F89-803F-34B918F9DAD7}.Debug|x64.Build.0 = Debug|x64
		{52DC7AD2-A28E-4F89-803F-34B918F9DAD7}.Debug|x86.ActiveCfg = Debug|Win32
		{52DC7AD2-A28E-4F89-803F-34B918F9DAD7}.Debug|x86.Build.0 = Debug|Win32
		{52DC7AD2-A28E-4F89-803F-34B918F9DAD7}.Release|x64.ActiveCfg = Release|x64
		{52DC7AD2-A28E-4F89-803F-34B918F9DAD7}.Release|x64.Build.0 = Release|x64
		{52DC7AD2-A28E-4F89-803F-34B918F9DAD7}.Release|x86.ActiveCfg = Release|Win32
		{52DC7AD2-A28E-4F89-803F-34B918F9DAD7}.Release|x86.Build.0 = Release|Win32
	EndGlobalSection
	GlobalSection(SolutionProperties) = preSolution
		HideSolutionNode = FALSE
	EndGlobalSection
	GlobalSection(ExtensibilityGlobals) = postSolution
		SolutionGuid = {899321D1-C1E7-4142-97B9-3746C170FFF1}
	EndGlobalSection
EndGlobal
